// !$*UTF8*$!
{
	archiveVersion = 1;
	classes = {
	};
	objectVersion = 55;
	objects = {

/* Begin PBXBuildFile section */
		5E321E0A448ED5624B205972 /* Pods_Parstagram_ParstagramUITests.framework in Frameworks */ = {isa = PBXBuildFile; fileRef = 2BD34AAD898FC2C15F4DD7A3 /* Pods_Parstagram_ParstagramUITests.framework */; };
		7ADA5C1C6709898FE0A917CC /* Pods_Parstagram.framework in Frameworks */ = {isa = PBXBuildFile; fileRef = 3A33A1323E5A39A1D1178AB8 /* Pods_Parstagram.framework */; };
		8DC1A16C441EF5B290022FEE /* Pods_ParstagramTests.framework in Frameworks */ = {isa = PBXBuildFile; fileRef = E640467D52E4AD5305386D1C /* Pods_ParstagramTests.framework */; };
		E926DAA428FA8DD6004CC5B8 /* CameraViewController.swift in Sources */ = {isa = PBXBuildFile; fileRef = E926DAA328FA8DD6004CC5B8 /* CameraViewController.swift */; };
		E926DAA628FA9F71004CC5B8 /* PostCell.swift in Sources */ = {isa = PBXBuildFile; fileRef = E926DAA528FA9F71004CC5B8 /* PostCell.swift */; };
		E929FA3728FA812700751000 /* LoginViewController.swift in Sources */ = {isa = PBXBuildFile; fileRef = E929FA3628FA812700751000 /* LoginViewController.swift */; };
		E929FA3928FA814500751000 /* FeedViewController.swift in Sources */ = {isa = PBXBuildFile; fileRef = E929FA3828FA814500751000 /* FeedViewController.swift */; };
		E93BBD4C290394E800547F00 /* CommentCell.swift in Sources */ = {isa = PBXBuildFile; fileRef = E93BBD4B290394E800547F00 /* CommentCell.swift */; };
		E9A4D74028FA531200A9FC8E /* AppDelegate.swift in Sources */ = {isa = PBXBuildFile; fileRef = E9A4D73F28FA531200A9FC8E /* AppDelegate.swift */; };
		E9A4D74228FA531200A9FC8E /* SceneDelegate.swift in Sources */ = {isa = PBXBuildFile; fileRef = E9A4D74128FA531200A9FC8E /* SceneDelegate.swift */; };
		E9A4D74728FA531200A9FC8E /* Main.storyboard in Resources */ = {isa = PBXBuildFile; fileRef = E9A4D74528FA531200A9FC8E /* Main.storyboard */; };
		E9A4D74928FA531300A9FC8E /* Assets.xcassets in Resources */ = {isa = PBXBuildFile; fileRef = E9A4D74828FA531300A9FC8E /* Assets.xcassets */; };
		E9A4D74C28FA531300A9FC8E /* LaunchScreen.storyboard in Resources */ = {isa = PBXBuildFile; fileRef = E9A4D74A28FA531300A9FC8E /* LaunchScreen.storyboard */; };
		E9A4D75728FA531300A9FC8E /* ParstagramTests.swift in Sources */ = {isa = PBXBuildFile; fileRef = E9A4D75628FA531300A9FC8E /* ParstagramTests.swift */; };
		E9A4D76128FA531300A9FC8E /* ParstagramUITests.swift in Sources */ = {isa = PBXBuildFile; fileRef = E9A4D76028FA531300A9FC8E /* ParstagramUITests.swift */; };
		E9A4D76328FA531300A9FC8E /* ParstagramUITestsLaunchTests.swift in Sources */ = {isa = PBXBuildFile; fileRef = E9A4D76228FA531300A9FC8E /* ParstagramUITestsLaunchTests.swift */; };
/* End PBXBuildFile section */

/* Begin PBXContainerItemProxy section */
		E9A4D75328FA531300A9FC8E /* PBXContainerItemProxy */ = {
			isa = PBXContainerItemProxy;
			containerPortal = E9A4D73428FA531200A9FC8E /* Project object */;
			proxyType = 1;
			remoteGlobalIDString = E9A4D73B28FA531200A9FC8E;
			remoteInfo = Parstagram;
		};
		E9A4D75D28FA531300A9FC8E /* PBXContainerItemProxy */ = {
			isa = PBXContainerItemProxy;
			containerPortal = E9A4D73428FA531200A9FC8E /* Project object */;
			proxyType = 1;
			remoteGlobalIDString = E9A4D73B28FA531200A9FC8E;
			remoteInfo = Parstagram;
		};
/* End PBXContainerItemProxy section */

/* Begin PBXFileReference section */
		0277B5E04486809B79A731B1 /* Pods-Parstagram-ParstagramUITests.release.xcconfig */ = {isa = PBXFileReference; includeInIndex = 1; lastKnownFileType = text.xcconfig; name = "Pods-Parstagram-ParstagramUITests.release.xcconfig"; path = "Target Support Files/Pods-Parstagram-ParstagramUITests/Pods-Parstagram-ParstagramUITests.release.xcconfig"; sourceTree = "<group>"; };
		1CECE1863D8FCFAB249BA8A7 /* Pods-Parstagram.release.xcconfig */ = {isa = PBXFileReference; includeInIndex = 1; lastKnownFileType = text.xcconfig; name = "Pods-Parstagram.release.xcconfig"; path = "Target Support Files/Pods-Parstagram/Pods-Parstagram.release.xcconfig"; sourceTree = "<group>"; };
		2BD34AAD898FC2C15F4DD7A3 /* Pods_Parstagram_ParstagramUITests.framework */ = {isa = PBXFileReference; explicitFileType = wrapper.framework; includeInIndex = 0; path = Pods_Parstagram_ParstagramUITests.framework; sourceTree = BUILT_PRODUCTS_DIR; };
		3A33A1323E5A39A1D1178AB8 /* Pods_Parstagram.framework */ = {isa = PBXFileReference; explicitFileType = wrapper.framework; includeInIndex = 0; path = Pods_Parstagram.framework; sourceTree = BUILT_PRODUCTS_DIR; };
		446C2084CABC42DA0F4FCA79 /* Pods-Parstagram.debug.xcconfig */ = {isa = PBXFileReference; includeInIndex = 1; lastKnownFileType = text.xcconfig; name = "Pods-Parstagram.debug.xcconfig"; path = "Target Support Files/Pods-Parstagram/Pods-Parstagram.debug.xcconfig"; sourceTree = "<group>"; };
		533D3484F9492A9FFB679BE5 /* Pods-ParstagramTests.release.xcconfig */ = {isa = PBXFileReference; includeInIndex = 1; lastKnownFileType = text.xcconfig; name = "Pods-ParstagramTests.release.xcconfig"; path = "Target Support Files/Pods-ParstagramTests/Pods-ParstagramTests.release.xcconfig"; sourceTree = "<group>"; };
		962422B11ECEAAFF826D160A /* Pods-ParstagramTests.debug.xcconfig */ = {isa = PBXFileReference; includeInIndex = 1; lastKnownFileType = text.xcconfig; name = "Pods-ParstagramTests.debug.xcconfig"; path = "Target Support Files/Pods-ParstagramTests/Pods-ParstagramTests.debug.xcconfig"; sourceTree = "<group>"; };
		BAE7DD5B7AC7883D8D72C360 /* Pods-Parstagram-ParstagramUITests.debug.xcconfig */ = {isa = PBXFileReference; includeInIndex = 1; lastKnownFileType = text.xcconfig; name = "Pods-Parstagram-ParstagramUITests.debug.xcconfig"; path = "Target Support Files/Pods-Parstagram-ParstagramUITests/Pods-Parstagram-ParstagramUITests.debug.xcconfig"; sourceTree = "<group>"; };
		E640467D52E4AD5305386D1C /* Pods_ParstagramTests.framework */ = {isa = PBXFileReference; explicitFileType = wrapper.framework; includeInIndex = 0; path = Pods_ParstagramTests.framework; sourceTree = BUILT_PRODUCTS_DIR; };
		E926DAA328FA8DD6004CC5B8 /* CameraViewController.swift */ = {isa = PBXFileReference; lastKnownFileType = sourcecode.swift; path = CameraViewController.swift; sourceTree = "<group>"; };
		E926DAA528FA9F71004CC5B8 /* PostCell.swift */ = {isa = PBXFileReference; lastKnownFileType = sourcecode.swift; path = PostCell.swift; sourceTree = "<group>"; };
		E929FA3628FA812700751000 /* LoginViewController.swift */ = {isa = PBXFileReference; lastKnownFileType = sourcecode.swift; path = LoginViewController.swift; sourceTree = "<group>"; };
		E929FA3828FA814500751000 /* FeedViewController.swift */ = {isa = PBXFileReference; lastKnownFileType = sourcecode.swift; path = FeedViewController.swift; sourceTree = "<group>"; };
		E93BBD4B290394E800547F00 /* CommentCell.swift */ = {isa = PBXFileReference; lastKnownFileType = sourcecode.swift; path = CommentCell.swift; sourceTree = "<group>"; };
		E9A4D73C28FA531200A9FC8E /* Parstagram.app */ = {isa = PBXFileReference; explicitFileType = wrapper.application; includeInIndex = 0; path = Parstagram.app; sourceTree = BUILT_PRODUCTS_DIR; };
		E9A4D73F28FA531200A9FC8E /* AppDelegate.swift */ = {isa = PBXFileReference; lastKnownFileType = sourcecode.swift; path = AppDelegate.swift; sourceTree = "<group>"; };
		E9A4D74128FA531200A9FC8E /* SceneDelegate.swift */ = {isa = PBXFileReference; lastKnownFileType = sourcecode.swift; path = SceneDelegate.swift; sourceTree = "<group>"; };
		E9A4D74628FA531200A9FC8E /* Base */ = {isa = PBXFileReference; lastKnownFileType = file.storyboard; name = Base; path = Base.lproj/Main.storyboard; sourceTree = "<group>"; };
		E9A4D74828FA531300A9FC8E /* Assets.xcassets */ = {isa = PBXFileReference; lastKnownFileType = folder.assetcatalog; path = Assets.xcassets; sourceTree = "<group>"; };
		E9A4D74B28FA531300A9FC8E /* Base */ = {isa = PBXFileReference; lastKnownFileType = file.storyboard; name = Base; path = Base.lproj/LaunchScreen.storyboard; sourceTree = "<group>"; };
		E9A4D74D28FA531300A9FC8E /* Info.plist */ = {isa = PBXFileReference; lastKnownFileType = text.plist.xml; path = Info.plist; sourceTree = "<group>"; };
		E9A4D75228FA531300A9FC8E /* ParstagramTests.xctest */ = {isa = PBXFileReference; explicitFileType = wrapper.cfbundle; includeInIndex = 0; path = ParstagramTests.xctest; sourceTree = BUILT_PRODUCTS_DIR; };
		E9A4D75628FA531300A9FC8E /* ParstagramTests.swift */ = {isa = PBXFileReference; lastKnownFileType = sourcecode.swift; path = ParstagramTests.swift; sourceTree = "<group>"; };
		E9A4D75C28FA531300A9FC8E /* ParstagramUITests.xctest */ = {isa = PBXFileReference; explicitFileType = wrapper.cfbundle; includeInIndex = 0; path = ParstagramUITests.xctest; sourceTree = BUILT_PRODUCTS_DIR; };
		E9A4D76028FA531300A9FC8E /* ParstagramUITests.swift */ = {isa = PBXFileReference; lastKnownFileType = sourcecode.swift; path = ParstagramUITests.swift; sourceTree = "<group>"; };
		E9A4D76228FA531300A9FC8E /* ParstagramUITestsLaunchTests.swift */ = {isa = PBXFileReference; lastKnownFileType = sourcecode.swift; path = ParstagramUITestsLaunchTests.swift; sourceTree = "<group>"; };
/* End PBXFileReference section */

/* Begin PBXFrameworksBuildPhase section */
		E9A4D73928FA531200A9FC8E /* Frameworks */ = {
			isa = PBXFrameworksBuildPhase;
			buildActionMask = 2147483647;
			files = (
				7ADA5C1C6709898FE0A917CC /* Pods_Parstagram.framework in Frameworks */,
			);
			runOnlyForDeploymentPostprocessing = 0;
		};
		E9A4D74F28FA531300A9FC8E /* Frameworks */ = {
			isa = PBXFrameworksBuildPhase;
			buildActionMask = 2147483647;
			files = (
				8DC1A16C441EF5B290022FEE /* Pods_ParstagramTests.framework in Frameworks */,
			);
			runOnlyForDeploymentPostprocessing = 0;
		};
		E9A4D75928FA531300A9FC8E /* Frameworks */ = {
			isa = PBXFrameworksBuildPhase;
			buildActionMask = 2147483647;
			files = (
				5E321E0A448ED5624B205972 /* Pods_Parstagram_ParstagramUITests.framework in Frameworks */,
			);
			runOnlyForDeploymentPostprocessing = 0;
		};
/* End PBXFrameworksBuildPhase section */

/* Begin PBXGroup section */
		0931E5A187DC42418EAD69B4 /* Pods */ = {
			isa = PBXGroup;
			children = (
				446C2084CABC42DA0F4FCA79 /* Pods-Parstagram.debug.xcconfig */,
				1CECE1863D8FCFAB249BA8A7 /* Pods-Parstagram.release.xcconfig */,
				BAE7DD5B7AC7883D8D72C360 /* Pods-Parstagram-ParstagramUITests.debug.xcconfig */,
				0277B5E04486809B79A731B1 /* Pods-Parstagram-ParstagramUITests.release.xcconfig */,
				962422B11ECEAAFF826D160A /* Pods-ParstagramTests.debug.xcconfig */,
				533D3484F9492A9FFB679BE5 /* Pods-ParstagramTests.release.xcconfig */,
			);
			path = Pods;
			sourceTree = "<group>";
		};
		5E6C097749B2D81B955A3B82 /* Frameworks */ = {
			isa = PBXGroup;
			children = (
				3A33A1323E5A39A1D1178AB8 /* Pods_Parstagram.framework */,
				2BD34AAD898FC2C15F4DD7A3 /* Pods_Parstagram_ParstagramUITests.framework */,
				E640467D52E4AD5305386D1C /* Pods_ParstagramTests.framework */,
			);
			name = Frameworks;
			sourceTree = "<group>";
		};
		E9A4D73328FA531200A9FC8E = {
			isa = PBXGroup;
			children = (
				E9A4D73E28FA531200A9FC8E /* Parstagram */,
				E9A4D75528FA531300A9FC8E /* ParstagramTests */,
				E9A4D75F28FA531300A9FC8E /* ParstagramUITests */,
				E9A4D73D28FA531200A9FC8E /* Products */,
				0931E5A187DC42418EAD69B4 /* Pods */,
				5E6C097749B2D81B955A3B82 /* Frameworks */,
			);
			sourceTree = "<group>";
		};
		E9A4D73D28FA531200A9FC8E /* Products */ = {
			isa = PBXGroup;
			children = (
				E9A4D73C28FA531200A9FC8E /* Parstagram.app */,
				E9A4D75228FA531300A9FC8E /* ParstagramTests.xctest */,
				E9A4D75C28FA531300A9FC8E /* ParstagramUITests.xctest */,
			);
			name = Products;
			sourceTree = "<group>";
		};
		E9A4D73E28FA531200A9FC8E /* Parstagram */ = {
			isa = PBXGroup;
			children = (
				E9A4D73F28FA531200A9FC8E /* AppDelegate.swift */,
				E9A4D74128FA531200A9FC8E /* SceneDelegate.swift */,
				E9A4D74528FA531200A9FC8E /* Main.storyboard */,
				E926DAA528FA9F71004CC5B8 /* PostCell.swift */,
				E926DAA328FA8DD6004CC5B8 /* CameraViewController.swift */,
				E929FA3628FA812700751000 /* LoginViewController.swift */,
				E929FA3828FA814500751000 /* FeedViewController.swift */,
				E9A4D74828FA531300A9FC8E /* Assets.xcassets */,
				E9A4D74A28FA531300A9FC8E /* LaunchScreen.storyboard */,
				E9A4D74D28FA531300A9FC8E /* Info.plist */,
				E93BBD4B290394E800547F00 /* CommentCell.swift */,
			);
			path = Parstagram;
			sourceTree = "<group>";
		};
		E9A4D75528FA531300A9FC8E /* ParstagramTests */ = {
			isa = PBXGroup;
			children = (
				E9A4D75628FA531300A9FC8E /* ParstagramTests.swift */,
			);
			path = ParstagramTests;
			sourceTree = "<group>";
		};
		E9A4D75F28FA531300A9FC8E /* ParstagramUITests */ = {
			isa = PBXGroup;
			children = (
				E9A4D76028FA531300A9FC8E /* ParstagramUITests.swift */,
				E9A4D76228FA531300A9FC8E /* ParstagramUITestsLaunchTests.swift */,
			);
			path = ParstagramUITests;
			sourceTree = "<group>";
		};
/* End PBXGroup section */

/* Begin PBXNativeTarget section */
		E9A4D73B28FA531200A9FC8E /* Parstagram */ = {
			isa = PBXNativeTarget;
			buildConfigurationList = E9A4D76628FA531300A9FC8E /* Build configuration list for PBXNativeTarget "Parstagram" */;
			buildPhases = (
				75D96D5720A19AC75516A00B /* [CP] Check Pods Manifest.lock */,
				E9A4D73828FA531200A9FC8E /* Sources */,
				E9A4D73928FA531200A9FC8E /* Frameworks */,
				E9A4D73A28FA531200A9FC8E /* Resources */,
				1F82721E714BBDDE355B5B39 /* [CP] Embed Pods Frameworks */,
			);
			buildRules = (
			);
			dependencies = (
			);
			name = Parstagram;
			productName = Parstagram;
			productReference = E9A4D73C28FA531200A9FC8E /* Parstagram.app */;
			productType = "com.apple.product-type.application";
		};
		E9A4D75128FA531300A9FC8E /* ParstagramTests */ = {
			isa = PBXNativeTarget;
			buildConfigurationList = E9A4D76928FA531300A9FC8E /* Build configuration list for PBXNativeTarget "ParstagramTests" */;
			buildPhases = (
				5C4F444F4F2EA0AF217C03D5 /* [CP] Check Pods Manifest.lock */,
				E9A4D74E28FA531300A9FC8E /* Sources */,
				E9A4D74F28FA531300A9FC8E /* Frameworks */,
				E9A4D75028FA531300A9FC8E /* Resources */,
			);
			buildRules = (
			);
			dependencies = (
				E9A4D75428FA531300A9FC8E /* PBXTargetDependency */,
			);
			name = ParstagramTests;
			productName = ParstagramTests;
			productReference = E9A4D75228FA531300A9FC8E /* ParstagramTests.xctest */;
			productType = "com.apple.product-type.bundle.unit-test";
		};
		E9A4D75B28FA531300A9FC8E /* ParstagramUITests */ = {
			isa = PBXNativeTarget;
			buildConfigurationList = E9A4D76C28FA531300A9FC8E /* Build configuration list for PBXNativeTarget "ParstagramUITests" */;
			buildPhases = (
				FA0B99351AEA9E9E78A983A4 /* [CP] Check Pods Manifest.lock */,
				E9A4D75828FA531300A9FC8E /* Sources */,
				E9A4D75928FA531300A9FC8E /* Frameworks */,
				E9A4D75A28FA531300A9FC8E /* Resources */,
				88B1E38D9CA0AF779003EA2C /* [CP] Embed Pods Frameworks */,
			);
			buildRules = (
			);
			dependencies = (
				E9A4D75E28FA531300A9FC8E /* PBXTargetDependency */,
			);
			name = ParstagramUITests;
			productName = ParstagramUITests;
			productReference = E9A4D75C28FA531300A9FC8E /* ParstagramUITests.xctest */;
			productType = "com.apple.product-type.bundle.ui-testing";
		};
/* End PBXNativeTarget section */

/* Begin PBXProject section */
		E9A4D73428FA531200A9FC8E /* Project object */ = {
			isa = PBXProject;
			attributes = {
				BuildIndependentTargetsInParallel = 1;
				LastSwiftUpdateCheck = 1400;
				LastUpgradeCheck = 1400;
				TargetAttributes = {
					E9A4D73B28FA531200A9FC8E = {
						CreatedOnToolsVersion = 14.0.1;
					};
					E9A4D75128FA531300A9FC8E = {
						CreatedOnToolsVersion = 14.0.1;
						TestTargetID = E9A4D73B28FA531200A9FC8E;
					};
					E9A4D75B28FA531300A9FC8E = {
						CreatedOnToolsVersion = 14.0.1;
						TestTargetID = E9A4D73B28FA531200A9FC8E;
					};
				};
			};
			buildConfigurationList = E9A4D73728FA531200A9FC8E /* Build configuration list for PBXProject "Parstagram" */;
			compatibilityVersion = "Xcode 13.0";
			developmentRegion = en;
			hasScannedForEncodings = 0;
			knownRegions = (
				en,
				Base,
			);
			mainGroup = E9A4D73328FA531200A9FC8E;
			productRefGroup = E9A4D73D28FA531200A9FC8E /* Products */;
			projectDirPath = "";
			projectRoot = "";
			targets = (
				E9A4D73B28FA531200A9FC8E /* Parstagram */,
				E9A4D75128FA531300A9FC8E /* ParstagramTests */,
				E9A4D75B28FA531300A9FC8E /* ParstagramUITests */,
			);
		};
/* End PBXProject section */

/* Begin PBXResourcesBuildPhase section */
		E9A4D73A28FA531200A9FC8E /* Resources */ = {
			isa = PBXResourcesBuildPhase;
			buildActionMask = 2147483647;
			files = (
				E9A4D74C28FA531300A9FC8E /* LaunchScreen.storyboard in Resources */,
				E9A4D74928FA531300A9FC8E /* Assets.xcassets in Resources */,
				E9A4D74728FA531200A9FC8E /* Main.storyboard in Resources */,
			);
			runOnlyForDeploymentPostprocessing = 0;
		};
		E9A4D75028FA531300A9FC8E /* Resources */ = {
			isa = PBXResourcesBuildPhase;
			buildActionMask = 2147483647;
			files = (
			);
			runOnlyForDeploymentPostprocessing = 0;
		};
		E9A4D75A28FA531300A9FC8E /* Resources */ = {
			isa = PBXResourcesBuildPhase;
			buildActionMask = 2147483647;
			files = (
			);
			runOnlyForDeploymentPostprocessing = 0;
		};
/* End PBXResourcesBuildPhase section */

/* Begin PBXShellScriptBuildPhase section */
		1F82721E714BBDDE355B5B39 /* [CP] Embed Pods Frameworks */ = {
			isa = PBXShellScriptBuildPhase;
			buildActionMask = 2147483647;
			files = (
			);
			inputFileListPaths = (
				"${PODS_ROOT}/Target Support Files/Pods-Parstagram/Pods-Parstagram-frameworks-${CONFIGURATION}-input-files.xcfilelist",
			);
			name = "[CP] Embed Pods Frameworks";
			outputFileListPaths = (
				"${PODS_ROOT}/Target Support Files/Pods-Parstagram/Pods-Parstagram-frameworks-${CONFIGURATION}-output-files.xcfilelist",
			);
			runOnlyForDeploymentPostprocessing = 0;
			shellPath = /bin/sh;
			shellScript = "\"${PODS_ROOT}/Target Support Files/Pods-Parstagram/Pods-Parstagram-frameworks.sh\"\n";
			showEnvVarsInLog = 0;
		};
		5C4F444F4F2EA0AF217C03D5 /* [CP] Check Pods Manifest.lock */ = {
			isa = PBXShellScriptBuildPhase;
			buildActionMask = 2147483647;
			files = (
			);
			inputFileListPaths = (
			);
			inputPaths = (
				"${PODS_PODFILE_DIR_PATH}/Podfile.lock",
				"${PODS_ROOT}/Manifest.lock",
			);
			name = "[CP] Check Pods Manifest.lock";
			outputFileListPaths = (
			);
			outputPaths = (
				"$(DERIVED_FILE_DIR)/Pods-ParstagramTests-checkManifestLockResult.txt",
			);
			runOnlyForDeploymentPostprocessing = 0;
			shellPath = /bin/sh;
			shellScript = "diff \"${PODS_PODFILE_DIR_PATH}/Podfile.lock\" \"${PODS_ROOT}/Manifest.lock\" > /dev/null\nif [ $? != 0 ] ; then\n    # print error to STDERR\n    echo \"error: The sandbox is not in sync with the Podfile.lock. Run 'pod install' or update your CocoaPods installation.\" >&2\n    exit 1\nfi\n# This output is used by Xcode 'outputs' to avoid re-running this script phase.\necho \"SUCCESS\" > \"${SCRIPT_OUTPUT_FILE_0}\"\n";
			showEnvVarsInLog = 0;
		};
		75D96D5720A19AC75516A00B /* [CP] Check Pods Manifest.lock */ = {
			isa = PBXShellScriptBuildPhase;
			buildActionMask = 2147483647;
			files = (
			);
			inputFileListPaths = (
			);
			inputPaths = (
				"${PODS_PODFILE_DIR_PATH}/Podfile.lock",
				"${PODS_ROOT}/Manifest.lock",
			);
			name = "[CP] Check Pods Manifest.lock";
			outputFileListPaths = (
			);
			outputPaths = (
				"$(DERIVED_FILE_DIR)/Pods-Parstagram-checkManifestLockResult.txt",
			);
			runOnlyForDeploymentPostprocessing = 0;
			shellPath = /bin/sh;
			shellScript = "diff \"${PODS_PODFILE_DIR_PATH}/Podfile.lock\" \"${PODS_ROOT}/Manifest.lock\" > /dev/null\nif [ $? != 0 ] ; then\n    # print error to STDERR\n    echo \"error: The sandbox is not in sync with the Podfile.lock. Run 'pod install' or update your CocoaPods installation.\" >&2\n    exit 1\nfi\n# This output is used by Xcode 'outputs' to avoid re-running this script phase.\necho \"SUCCESS\" > \"${SCRIPT_OUTPUT_FILE_0}\"\n";
			showEnvVarsInLog = 0;
		};
		88B1E38D9CA0AF779003EA2C /* [CP] Embed Pods Frameworks */ = {
			isa = PBXShellScriptBuildPhase;
			buildActionMask = 2147483647;
			files = (
			);
			inputFileListPaths = (
				"${PODS_ROOT}/Target Support Files/Pods-Parstagram-ParstagramUITests/Pods-Parstagram-ParstagramUITests-frameworks-${CONFIGURATION}-input-files.xcfilelist",
			);
			name = "[CP] Embed Pods Frameworks";
			outputFileListPaths = (
				"${PODS_ROOT}/Target Support Files/Pods-Parstagram-ParstagramUITests/Pods-Parstagram-ParstagramUITests-frameworks-${CONFIGURATION}-output-files.xcfilelist",
			);
			runOnlyForDeploymentPostprocessing = 0;
			shellPath = /bin/sh;
			shellScript = "\"${PODS_ROOT}/Target Support Files/Pods-Parstagram-ParstagramUITests/Pods-Parstagram-ParstagramUITests-frameworks.sh\"\n";
			showEnvVarsInLog = 0;
		};
		FA0B99351AEA9E9E78A983A4 /* [CP] Check Pods Manifest.lock */ = {
			isa = PBXShellScriptBuildPhase;
			buildActionMask = 2147483647;
			files = (
			);
			inputFileListPaths = (
			);
			inputPaths = (
				"${PODS_PODFILE_DIR_PATH}/Podfile.lock",
				"${PODS_ROOT}/Manifest.lock",
			);
			name = "[CP] Check Pods Manifest.lock";
			outputFileListPaths = (
			);
			outputPaths = (
				"$(DERIVED_FILE_DIR)/Pods-Parstagram-ParstagramUITests-checkManifestLockResult.txt",
			);
			runOnlyForDeploymentPostprocessing = 0;
			shellPath = /bin/sh;
			shellScript = "diff \"${PODS_PODFILE_DIR_PATH}/Podfile.lock\" \"${PODS_ROOT}/Manifest.lock\" > /dev/null\nif [ $? != 0 ] ; then\n    # print error to STDERR\n    echo \"error: The sandbox is not in sync with the Podfile.lock. Run 'pod install' or update your CocoaPods installation.\" >&2\n    exit 1\nfi\n# This output is used by Xcode 'outputs' to avoid re-running this script phase.\necho \"SUCCESS\" > \"${SCRIPT_OUTPUT_FILE_0}\"\n";
			showEnvVarsInLog = 0;
		};
/* End PBXShellScriptBuildPhase section */

/* Begin PBXSourcesBuildPhase section */
		E9A4D73828FA531200A9FC8E /* Sources */ = {
			isa = PBXSourcesBuildPhase;
			buildActionMask = 2147483647;
			files = (
				E929FA3728FA812700751000 /* LoginViewController.swift in Sources */,
				E926DAA428FA8DD6004CC5B8 /* CameraViewController.swift in Sources */,
				E9A4D74028FA531200A9FC8E /* AppDelegate.swift in Sources */,
				E929FA3928FA814500751000 /* FeedViewController.swift in Sources */,
				E9A4D74228FA531200A9FC8E /* SceneDelegate.swift in Sources */,
				E926DAA628FA9F71004CC5B8 /* PostCell.swift in Sources */,
				E93BBD4C290394E800547F00 /* CommentCell.swift in Sources */,
			);
			runOnlyForDeploymentPostprocessing = 0;
		};
		E9A4D74E28FA531300A9FC8E /* Sources */ = {
			isa = PBXSourcesBuildPhase;
			buildActionMask = 2147483647;
			files = (
				E9A4D75728FA531300A9FC8E /* ParstagramTests.swift in Sources */,
			);
			runOnlyForDeploymentPostprocessing = 0;
		};
		E9A4D75828FA531300A9FC8E /* Sources */ = {
			isa = PBXSourcesBuildPhase;
			buildActionMask = 2147483647;
			files = (
				E9A4D76328FA531300A9FC8E /* ParstagramUITestsLaunchTests.swift in Sources */,
				E9A4D76128FA531300A9FC8E /* ParstagramUITests.swift in Sources */,
			);
			runOnlyForDeploymentPostprocessing = 0;
		};
/* End PBXSourcesBuildPhase section */

/* Begin PBXTargetDependency section */
		E9A4D75428FA531300A9FC8E /* PBXTargetDependency */ = {
			isa = PBXTargetDependency;
			target = E9A4D73B28FA531200A9FC8E /* Parstagram */;
			targetProxy = E9A4D75328FA531300A9FC8E /* PBXContainerItemProxy */;
		};
		E9A4D75E28FA531300A9FC8E /* PBXTargetDependency */ = {
			isa = PBXTargetDependency;
			target = E9A4D73B28FA531200A9FC8E /* Parstagram */;
			targetProxy = E9A4D75D28FA531300A9FC8E /* PBXContainerItemProxy */;
		};
/* End PBXTargetDependency section */

/* Begin PBXVariantGroup section */
		E9A4D74528FA531200A9FC8E /* Main.storyboard */ = {
			isa = PBXVariantGroup;
			children = (
				E9A4D74628FA531200A9FC8E /* Base */,
			);
			name = Main.storyboard;
			sourceTree = "<group>";
		};
		E9A4D74A28FA531300A9FC8E /* LaunchScreen.storyboard */ = {
			isa = PBXVariantGroup;
			children = (
				E9A4D74B28FA531300A9FC8E /* Base */,
			);
			name = LaunchScreen.storyboard;
			sourceTree = "<group>";
		};
/* End PBXVariantGroup section */

/* Begin XCBuildConfiguration section */
		E9A4D76428FA531300A9FC8E /* Debug */ = {
			isa = XCBuildConfiguration;
			buildSettings = {
				ALWAYS_SEARCH_USER_PATHS = NO;
				CLANG_ANALYZER_NONNULL = YES;
				CLANG_ANALYZER_NUMBER_OBJECT_CONVERSION = YES_AGGRESSIVE;
				CLANG_CXX_LANGUAGE_STANDARD = "gnu++20";
				CLANG_ENABLE_MODULES = YES;
				CLANG_ENABLE_OBJC_ARC = YES;
				CLANG_ENABLE_OBJC_WEAK = YES;
				CLANG_WARN_BLOCK_CAPTURE_AUTORELEASING = YES;
				CLANG_WARN_BOOL_CONVERSION = YES;
				CLANG_WARN_COMMA = YES;
				CLANG_WARN_CONSTANT_CONVERSION = YES;
				CLANG_WARN_DEPRECATED_OBJC_IMPLEMENTATIONS = YES;
				CLANG_WARN_DIRECT_OBJC_ISA_USAGE = YES_ERROR;
				CLANG_WARN_DOCUMENTATION_COMMENTS = YES;
				CLANG_WARN_EMPTY_BODY = YES;
				CLANG_WARN_ENUM_CONVERSION = YES;
				CLANG_WARN_INFINITE_RECURSION = YES;
				CLANG_WARN_INT_CONVERSION = YES;
				CLANG_WARN_NON_LITERAL_NULL_CONVERSION = YES;
				CLANG_WARN_OBJC_IMPLICIT_RETAIN_SELF = YES;
				CLANG_WARN_OBJC_LITERAL_CONVERSION = YES;
				CLANG_WARN_OBJC_ROOT_CLASS = YES_ERROR;
				CLANG_WARN_QUOTED_INCLUDE_IN_FRAMEWORK_HEADER = YES;
				CLANG_WARN_RANGE_LOOP_ANALYSIS = YES;
				CLANG_WARN_STRICT_PROTOTYPES = YES;
				CLANG_WARN_SUSPICIOUS_MOVE = YES;
				CLANG_WARN_UNGUARDED_AVAILABILITY = YES_AGGRESSIVE;
				CLANG_WARN_UNREACHABLE_CODE = YES;
				CLANG_WARN__DUPLICATE_METHOD_MATCH = YES;
				COPY_PHASE_STRIP = NO;
				DEBUG_INFORMATION_FORMAT = dwarf;
				ENABLE_STRICT_OBJC_MSGSEND = YES;
				ENABLE_TESTABILITY = YES;
				GCC_C_LANGUAGE_STANDARD = gnu11;
				GCC_DYNAMIC_NO_PIC = NO;
				GCC_NO_COMMON_BLOCKS = YES;
				GCC_OPTIMIZATION_LEVEL = 0;
				GCC_PREPROCESSOR_DEFINITIONS = (
					"DEBUG=1",
					"$(inherited)",
				);
				GCC_WARN_64_TO_32_BIT_CONVERSION = YES;
				GCC_WARN_ABOUT_RETURN_TYPE = YES_ERROR;
				GCC_WARN_UNDECLARED_SELECTOR = YES;
				GCC_WARN_UNINITIALIZED_AUTOS = YES_AGGRESSIVE;
				GCC_WARN_UNUSED_FUNCTION = YES;
				GCC_WARN_UNUSED_VARIABLE = YES;
				IPHONEOS_DEPLOYMENT_TARGET = 16.0;
				MTL_ENABLE_DEBUG_INFO = INCLUDE_SOURCE;
				MTL_FAST_MATH = YES;
				ONLY_ACTIVE_ARCH = YES;
				SDKROOT = iphoneos;
				SWIFT_ACTIVE_COMPILATION_CONDITIONS = DEBUG;
				SWIFT_OPTIMIZATION_LEVEL = "-Onone";
			};
			name = Debug;
		};
		E9A4D76528FA531300A9FC8E /* Release */ = {
			isa = XCBuildConfiguration;
			buildSettings = {
				ALWAYS_SEARCH_USER_PATHS = NO;
				CLANG_ANALYZER_NONNULL = YES;
				CLANG_ANALYZER_NUMBER_OBJECT_CONVERSION = YES_AGGRESSIVE;
				CLANG_CXX_LANGUAGE_STANDARD = "gnu++20";
				CLANG_ENABLE_MODULES = YES;
				CLANG_ENABLE_OBJC_ARC = YES;
				CLANG_ENABLE_OBJC_WEAK = YES;
				CLANG_WARN_BLOCK_CAPTURE_AUTORELEASING = YES;
				CLANG_WARN_BOOL_CONVERSION = YES;
				CLANG_WARN_COMMA = YES;
				CLANG_WARN_CONSTANT_CONVERSION = YES;
				CLANG_WARN_DEPRECATED_OBJC_IMPLEMENTATIONS = YES;
				CLANG_WARN_DIRECT_OBJC_ISA_USAGE = YES_ERROR;
				CLANG_WARN_DOCUMENTATION_COMMENTS = YES;
				CLANG_WARN_EMPTY_BODY = YES;
				CLANG_WARN_ENUM_CONVERSION = YES;
				CLANG_WARN_INFINITE_RECURSION = YES;
				CLANG_WARN_INT_CONVERSION = YES;
				CLANG_WARN_NON_LITERAL_NULL_CONVERSION = YES;
				CLANG_WARN_OBJC_IMPLICIT_RETAIN_SELF = YES;
				CLANG_WARN_OBJC_LITERAL_CONVERSION = YES;
				CLANG_WARN_OBJC_ROOT_CLASS = YES_ERROR;
				CLANG_WARN_QUOTED_INCLUDE_IN_FRAMEWORK_HEADER = YES;
				CLANG_WARN_RANGE_LOOP_ANALYSIS = YES;
				CLANG_WARN_STRICT_PROTOTYPES = YES;
				CLANG_WARN_SUSPICIOUS_MOVE = YES;
				CLANG_WARN_UNGUARDED_AVAILABILITY = YES_AGGRESSIVE;
				CLANG_WARN_UNREACHABLE_CODE = YES;
				CLANG_WARN__DUPLICATE_METHOD_MATCH = YES;
				COPY_PHASE_STRIP = NO;
				DEBUG_INFORMATION_FORMAT = "dwarf-with-dsym";
				ENABLE_NS_ASSERTIONS = NO;
				ENABLE_STRICT_OBJC_MSGSEND = YES;
				GCC_C_LANGUAGE_STANDARD = gnu11;
				GCC_NO_COMMON_BLOCKS = YES;
				GCC_WARN_64_TO_32_BIT_CONVERSION = YES;
				GCC_WARN_ABOUT_RETURN_TYPE = YES_ERROR;
				GCC_WARN_UNDECLARED_SELECTOR = YES;
				GCC_WARN_UNINITIALIZED_AUTOS = YES_AGGRESSIVE;
				GCC_WARN_UNUSED_FUNCTION = YES;
				GCC_WARN_UNUSED_VARIABLE = YES;
				IPHONEOS_DEPLOYMENT_TARGET = 16.0;
				MTL_ENABLE_DEBUG_INFO = NO;
				MTL_FAST_MATH = YES;
				SDKROOT = iphoneos;
				SWIFT_COMPILATION_MODE = wholemodule;
				SWIFT_OPTIMIZATION_LEVEL = "-O";
				VALIDATE_PRODUCT = YES;
			};
			name = Release;
		};
		E9A4D76728FA531300A9FC8E /* Debug */ = {
			isa = XCBuildConfiguration;
			baseConfigurationReference = 446C2084CABC42DA0F4FCA79 /* Pods-Parstagram.debug.xcconfig */;
			buildSettings = {
				ASSETCATALOG_COMPILER_APPICON_NAME = AppIcon;
				ASSETCATALOG_COMPILER_GLOBAL_ACCENT_COLOR_NAME = AccentColor;
				CODE_SIGN_STYLE = Automatic;
				CURRENT_PROJECT_VERSION = 1;
				DEVELOPMENT_TEAM = MP7WH68BKA;
				GENERATE_INFOPLIST_FILE = YES;
				INFOPLIST_FILE = Parstagram/Info.plist;
				INFOPLIST_KEY_UIApplicationSupportsIndirectInputEvents = YES;
				INFOPLIST_KEY_UILaunchStoryboardName = LaunchScreen;
				INFOPLIST_KEY_UIMainStoryboardFile = Main;
				INFOPLIST_KEY_UISupportedInterfaceOrientations_iPad = "UIInterfaceOrientationPortrait UIInterfaceOrientationPortraitUpsideDown UIInterfaceOrientationLandscapeLeft UIInterfaceOrientationLandscapeRight";
				INFOPLIST_KEY_UISupportedInterfaceOrientations_iPhone = "UIInterfaceOrientationPortrait UIInterfaceOrientationLandscapeLeft UIInterfaceOrientationLandscapeRight";
				LD_RUNPATH_SEARCH_PATHS = (
					"$(inherited)",
					"@executable_path/Frameworks",
				);
				MARKETING_VERSION = 1.0;
				PRODUCT_BUNDLE_IDENTIFIER = me.InstagramCloneApp.jp.Parstagram;
				PRODUCT_NAME = "$(TARGET_NAME)";
				SWIFT_EMIT_LOC_STRINGS = YES;
				SWIFT_VERSION = 5.0;
				TARGETED_DEVICE_FAMILY = "1,2";
			};
			name = Debug;
		};
		E9A4D76828FA531300A9FC8E /* Release */ = {
			isa = XCBuildConfiguration;
			baseConfigurationReference = 1CECE1863D8FCFAB249BA8A7 /* Pods-Parstagram.release.xcconfig */;
			buildSettings = {
				ASSETCATALOG_COMPILER_APPICON_NAME = AppIcon;
				ASSETCATALOG_COMPILER_GLOBAL_ACCENT_COLOR_NAME = AccentColor;
				CODE_SIGN_STYLE = Automatic;
				CURRENT_PROJECT_VERSION = 1;
				DEVELOPMENT_TEAM = MP7WH68BKA;
				GENERATE_INFOPLIST_FILE = YES;
				INFOPLIST_FILE = Parstagram/Info.plist;
				INFOPLIST_KEY_UIApplicationSupportsIndirectInputEvents = YES;
				INFOPLIST_KEY_UILaunchStoryboardName = LaunchScreen;
				INFOPLIST_KEY_UIMainStoryboardFile = Main;
				INFOPLIST_KEY_UISupportedInterfaceOrientations_iPad = "UIInterfaceOrientationPortrait UIInterfaceOrientationPortraitUpsideDown UIInterfaceOrientationLandscapeLeft UIInterfaceOrientationLandscapeRight";
				INFOPLIST_KEY_UISupportedInterfaceOrientations_iPhone = "UIInterfaceOrientationPortrait UIInterfaceOrientationLandscapeLeft UIInterfaceOrientationLandscapeRight";
				LD_RUNPATH_SEARCH_PATHS = (
					"$(inherited)",
					"@executable_path/Frameworks",
				);
				MARKETING_VERSION = 1.0;
				PRODUCT_BUNDLE_IDENTIFIER = me.InstagramCloneApp.jp.Parstagram;
				PRODUCT_NAME = "$(TARGET_NAME)";
				SWIFT_EMIT_LOC_STRINGS = YES;
				SWIFT_VERSION = 5.0;
				TARGETED_DEVICE_FAMILY = "1,2";
			};
			name = Release;
		};
		E9A4D76A28FA531300A9FC8E /* Debug */ = {
			isa = XCBuildConfiguration;
			baseConfigurationReference = 962422B11ECEAAFF826D160A /* Pods-ParstagramTests.debug.xcconfig */;
			buildSettings = {
				ALWAYS_EMBED_SWIFT_STANDARD_LIBRARIES = YES;
				BUNDLE_LOADER = "$(TEST_HOST)";
				CODE_SIGN_STYLE = Automatic;
				CURRENT_PROJECT_VERSION = 1;
				DEVELOPMENT_TEAM = MP7WH68BKA;
				GENERATE_INFOPLIST_FILE = YES;
				IPHONEOS_DEPLOYMENT_TARGET = 16.0;
				MARKETING_VERSION = 1.0;
				PRODUCT_BUNDLE_IDENTIFIER = me.InstagramCloneApp.jp.ParstagramTests;
				PRODUCT_NAME = "$(TARGET_NAME)";
				SWIFT_EMIT_LOC_STRINGS = NO;
				SWIFT_VERSION = 5.0;
				TARGETED_DEVICE_FAMILY = "1,2";
				TEST_HOST = "$(BUILT_PRODUCTS_DIR)/Parstagram.app/$(BUNDLE_EXECUTABLE_FOLDER_PATH)/Parstagram";
			};
			name = Debug;
		};
		E9A4D76B28FA531300A9FC8E /* Release */ = {
			isa = XCBuildConfiguration;
			baseConfigurationReference = 533D3484F9492A9FFB679BE5 /* Pods-ParstagramTests.release.xcconfig */;
			buildSettings = {
				ALWAYS_EMBED_SWIFT_STANDARD_LIBRARIES = YES;
				BUNDLE_LOADER = "$(TEST_HOST)";
				CODE_SIGN_STYLE = Automatic;
				CURRENT_PROJECT_VERSION = 1;
				DEVELOPMENT_TEAM = MP7WH68BKA;
				GENERATE_INFOPLIST_FILE = YES;
				IPHONEOS_DEPLOYMENT_TARGET = 16.0;
				MARKETING_VERSION = 1.0;
				PRODUCT_BUNDLE_IDENTIFIER = me.InstagramCloneApp.jp.ParstagramTests;
				PRODUCT_NAME = "$(TARGET_NAME)";
				SWIFT_EMIT_LOC_STRINGS = NO;
				SWIFT_VERSION = 5.0;
				TARGETED_DEVICE_FAMILY = "1,2";
				TEST_HOST = "$(BUILT_PRODUCTS_DIR)/Parstagram.app/$(BUNDLE_EXECUTABLE_FOLDER_PATH)/Parstagram";
			};
			name = Release;
		};
		E9A4D76D28FA531300A9FC8E /* Debug */ = {
			isa = XCBuildConfiguration;
			baseConfigurationReference = BAE7DD5B7AC7883D8D72C360 /* Pods-Parstagram-ParstagramUITests.debug.xcconfig */;
			buildSettings = {
				ALWAYS_EMBED_SWIFT_STANDARD_LIBRARIES = YES;
				CODE_SIGN_STYLE = Automatic;
				CURRENT_PROJECT_VERSION = 1;
				DEVELOPMENT_TEAM = MP7WH68BKA;
				GENERATE_INFOPLIST_FILE = YES;
				MARKETING_VERSION = 1.0;
				PRODUCT_BUNDLE_IDENTIFIER = me.InstagramCloneApp.jp.ParstagramUITests;
				PRODUCT_NAME = "$(TARGET_NAME)";
				SWIFT_EMIT_LOC_STRINGS = NO;
				SWIFT_VERSION = 5.0;
				TARGETED_DEVICE_FAMILY = "1,2";
				TEST_TARGET_NAME = Parstagram;
			};
			name = Debug;
		};
		E9A4D76E28FA531300A9FC8E /* Release */ = {
			isa = XCBuildConfiguration;
			baseConfigurationReference = 0277B5E04486809B79A731B1 /* Pods-Parstagram-ParstagramUITests.release.xcconfig */;
			buildSettings = {
				ALWAYS_EMBED_SWIFT_STANDARD_LIBRARIES = YES;
				CODE_SIGN_STYLE = Automatic;
				CURRENT_PROJECT_VERSION = 1;
				DEVELOPMENT_TEAM = MP7WH68BKA;
				GENERATE_INFOPLIST_FILE = YES;
				MARKETING_VERSION = 1.0;
				PRODUCT_BUNDLE_IDENTIFIER = me.InstagramCloneApp.jp.ParstagramUITests;
				PRODUCT_NAME = "$(TARGET_NAME)";
				SWIFT_EMIT_LOC_STRINGS = NO;
				SWIFT_VERSION = 5.0;
				TARGETED_DEVICE_FAMILY = "1,2";
				TEST_TARGET_NAME = Parstagram;
			};
			name = Release;
		};
/* End XCBuildConfiguration section */

/* Begin XCConfigurationList section */
		E9A4D73728FA531200A9FC8E /* Build configuration list for PBXProject "Parstagram" */ = {
			isa = XCConfigurationList;
			buildConfigurations = (
				E9A4D76428FA531300A9FC8E /* Debug */,
				E9A4D76528FA531300A9FC8E /* Release */,
			);
			defaultConfigurationIsVisible = 0;
			defaultConfigurationName = Release;
		};
		E9A4D76628FA531300A9FC8E /* Build configuration list for PBXNativeTarget "Parstagram" */ = {
			isa = XCConfigurationList;
			buildConfigurations = (
				E9A4D76728FA531300A9FC8E /* Debug */,
				E9A4D76828FA531300A9FC8E /* Release */,
			);
			defaultConfigurationIsVisible = 0;
			defaultConfigurationName = Release;
		};
		E9A4D76928FA531300A9FC8E /* Build configuration list for PBXNativeTarget "ParstagramTests" */ = {
			isa = XCConfigurationList;
			buildConfigurations = (
				E9A4D76A28FA531300A9FC8E /* Debug */,
				E9A4D76B28FA531300A9FC8E /* Release */,
			);
			defaultConfigurationIsVisible = 0;
			defaultConfigurationName = Release;
		};
		E9A4D76C28FA531300A9FC8E /* Build configuration list for PBXNativeTarget "ParstagramUITests" */ = {
			isa = XCConfigurationList;
			buildConfigurations = (
				E9A4D76D28FA531300A9FC8E /* Debug */,
				E9A4D76E28FA531300A9FC8E /* Release */,
			);
			defaultConfigurationIsVisible = 0;
			defaultConfigurationName = Release;
		};
/* End XCConfigurationList section */
	};
	rootObject = E9A4D73428FA531200A9FC8E /* Project object */;
}
